<Solution>
  <Folder Name="/Solution Items/">
    <File Path=".gitignore" />
    <File Path="LICENSE" />
    <File Path="README.md" />
    <File Path="Directory.Packages.props" />
    <File Path="Directory.Build.props" />
  </Folder>
  <Folder Name="/src/">
    <Project Path="src/ContextR/ContextR.csproj" Id="c34f394b-1b7c-406b-86c4-fe83bba6a052" />
  </Folder>
  <Folder Name="/tests/" />
</Solution>
